
Microsoft Visual Studio Solution File, Format Version 12.00
# Visual Studio 15
VisualStudioVersion = 15.0.28307.329
MinimumVisualStudioVersion = 10.0.40219.1
Project("{FAE04EC0-301F-11D3-BF4B-00C04F79EFBC}") = "ServicioWeb", "ServicioWeb.csproj", "{6361DC72-7C16-4D7A-B93E-4BBC66A537DB}"
EndProject
Global
	GlobalSection(SolutionConfigurationPlatforms) = preSolution
		Debug|Any CPU = Debug|Any CPU
		Release|Any CPU = Release|Any CPU
	EndGlobalSection
	GlobalSection(ProjectConfigurationPlatforms) = postSolution
		{6361DC72-7C16-4D7A-B93E-4BBC66A537DB}.Debug|Any CPU.ActiveCfg = Debug|Any CPU
		{6361DC72-7C16-4D7A-B93E-4BBC66A537DB}.Debug|Any CPU.Build.0 = Debug|Any CPU
		{6361DC72-7C16-4D7A-B93E-4BBC66A537DB}.Release|Any CPU.ActiveCfg = Release|Any CPU
		{6361DC72-7C16-4D7A-B93E-4BBC66A537DB}.Release|Any CPU.Build.0 = Release|Any CPU
	EndGlobalSection
	GlobalSection(SolutionProperties) = preSolution
		HideSolutionNode = FALSE
	EndGlobalSection
	GlobalSection(ExtensibilityGlobals) = postSolution
		SolutionGuid = {8439A427-0C30-4C0D-8B2A-B62CD0DF16C6}
	EndGlobalSection
EndGlobal
